
Microsoft Visual Studio Solution File, Format Version 12.00
# Visual Studio Version 16
VisualStudioVersion = 16.0.29418.71
MinimumVisualStudioVersion = 10.0.40219.1
Project("{9A19103F-16F7-4668-BE54-9A1E7A4F7556}") = "NbaApp", "NbaApi\NbaApp.csproj", "{B2B6C85E-45F5-44DA-894F-14535B1BBDF7}"
EndProject
Project("{FAE04EC0-301F-11D3-BF4B-00C04F79EFBC}") = "ApiTest", "ApiTest\ApiTest.csproj", "{55CAB154-3C25-466D-8C61-661F12C2F87C}"
EndProject
Global
	GlobalSection(SolutionConfigurationPlatforms) = preSolution
		Debug|Any CPU = Debug|Any CPU
		Release|Any CPU = Release|Any CPU
	EndGlobalSection
	GlobalSection(ProjectConfigurationPlatforms) = postSolution
		{B2B6C85E-45F5-44DA-894F-14535B1BBDF7}.Debug|Any CPU.ActiveCfg = Debug|Any CPU
		{B2B6C85E-45F5-44DA-894F-14535B1BBDF7}.Debug|Any CPU.Build.0 = Debug|Any CPU
		{B2B6C85E-45F5-44DA-894F-14535B1BBDF7}.Release|Any CPU.ActiveCfg = Release|Any CPU
		{B2B6C85E-45F5-44DA-894F-14535B1BBDF7}.Release|Any CPU.Build.0 = Release|Any CPU
		{55CAB154-3C25-466D-8C61-661F12C2F87C}.Debug|Any CPU.ActiveCfg = Debug|Any CPU
		{55CAB154-3C25-466D-8C61-661F12C2F87C}.Debug|Any CPU.Build.0 = Debug|Any CPU
		{55CAB154-3C25-466D-8C61-661F12C2F87C}.Release|Any CPU.ActiveCfg = Release|Any CPU
		{55CAB154-3C25-466D-8C61-661F12C2F87C}.Release|Any CPU.Build.0 = Release|Any CPU
	EndGlobalSection
	GlobalSection(SolutionProperties) = preSolution
		HideSolutionNode = FALSE
	EndGlobalSection
	GlobalSection(ExtensibilityGlobals) = postSolution
		SolutionGuid = {1BB56C05-3956-4AFD-BAA7-5B32896635BD}
	EndGlobalSection
EndGlobal
