
Microsoft Visual Studio Solution File, Format Version 12.00
# Visual Studio Version 16
VisualStudioVersion = 16.0.29418.71
MinimumVisualStudioVersion = 10.0.40219.1
Project("{FAE04EC0-301F-11D3-BF4B-00C04F79EFBC}") = "BooksApi", "BooksApi\BooksApi.csproj", "{5F4DCEE3-4DE1-4657-B714-8C87CA854993}"
EndProject
Global
	GlobalSection(SolutionConfigurationPlatforms) = preSolution
		Debug|Any CPU = Debug|Any CPU
		Release|Any CPU = Release|Any CPU
	EndGlobalSection
	GlobalSection(ProjectConfigurationPlatforms) = postSolution
		{5F4DCEE3-4DE1-4657-B714-8C87CA854993}.Debug|Any CPU.ActiveCfg = Debug|Any CPU
		{5F4DCEE3-4DE1-4657-B714-8C87CA854993}.Debug|Any CPU.Build.0 = Debug|Any CPU
		{5F4DCEE3-4DE1-4657-B714-8C87CA854993}.Release|Any CPU.ActiveCfg = Release|Any CPU
		{5F4DCEE3-4DE1-4657-B714-8C87CA854993}.Release|Any CPU.Build.0 = Release|Any CPU
	EndGlobalSection
	GlobalSection(SolutionProperties) = preSolution
		HideSolutionNode = FALSE
	EndGlobalSection
	GlobalSection(ExtensibilityGlobals) = postSolution
		SolutionGuid = {2DD8C83C-D5A0-44F2-A883-50561E0399FD}
	EndGlobalSection
EndGlobal
